// !$*UTF8*$!
{
	archiveVersion = 1;
	classes = {
	};
	objectVersion = 77;
	objects = {

/* Begin PBXBuildFile section */
		367D00292D6A022200AF5324 /* KeychainSwift in Frameworks */ = {isa = PBXBuildFile; productRef = 367D00282D6A022200AF5324 /* KeychainSwift */; };
/* End PBXBuildFile section */

/* Begin PBXContainerItemProxy section */
		363F10882D4A8B43002E87F4 /* PBXContainerItemProxy */ = {
			isa = PBXContainerItemProxy;
			containerPortal = 363F106F2D4A8B41002E87F4 /* Project object */;
			proxyType = 1;
			remoteGlobalIDString = 363F10762D4A8B41002E87F4;
			remoteInfo = NomadNest;
		};
		363F10922D4A8B43002E87F4 /* PBXContainerItemProxy */ = {
			isa = PBXContainerItemProxy;
			containerPortal = 363F106F2D4A8B41002E87F4 /* Project object */;
			proxyType = 1;
			remoteGlobalIDString = 363F10762D4A8B41002E87F4;
			remoteInfo = NomadNest;
		};
/* End PBXContainerItemProxy section */

/* Begin PBXFileReference section */
		363F10772D4A8B41002E87F4 /* NomadNest.app */ = {isa = PBXFileReference; explicitFileType = wrapper.application; includeInIndex = 0; path = NomadNest.app; sourceTree = BUILT_PRODUCTS_DIR; };
		363F10872D4A8B43002E87F4 /* NomadNestTests.xctest */ = {isa = PBXFileReference; explicitFileType = wrapper.cfbundle; includeInIndex = 0; path = NomadNestTests.xctest; sourceTree = BUILT_PRODUCTS_DIR; };
		363F10912D4A8B43002E87F4 /* NomadNestUITests.xctest */ = {isa = PBXFileReference; explicitFileType = wrapper.cfbundle; includeInIndex = 0; path = NomadNestUITests.xctest; sourceTree = BUILT_PRODUCTS_DIR; };
/* End PBXFileReference section */

/* Begin PBXFileSystemSynchronizedRootGroup section */
		363F10792D4A8B41002E87F4 /* NomadNest */ = {
			isa = PBXFileSystemSynchronizedRootGroup;
			path = NomadNest;
			sourceTree = "<group>";
		};
		363F108A2D4A8B43002E87F4 /* NomadNestTests */ = {
			isa = PBXFileSystemSynchronizedRootGroup;
			path = NomadNestTests;
			sourceTree = "<group>";
		};
		363F10942D4A8B43002E87F4 /* NomadNestUITests */ = {
			isa = PBXFileSystemSynchronizedRootGroup;
			path = NomadNestUITests;
			sourceTree = "<group>";
		};
/* End PBXFileSystemSynchronizedRootGroup section */

/* Begin PBXFrameworksBuildPhase section */
		363F10742D4A8B41002E87F4 /* Frameworks */ = {
			isa = PBXFrameworksBuildPhase;
			buildActionMask = 2147483647;
			files = (
				367D00292D6A022200AF5324 /* KeychainSwift in Frameworks */,
			);
			runOnlyForDeploymentPostprocessing = 0;
		};
		363F10842D4A8B43002E87F4 /* Frameworks */ = {
			isa = PBXFrameworksBuildPhase;
			buildActionMask = 2147483647;
			files = (
			);
			runOnlyForDeploymentPostprocessing = 0;
		};
		363F108E2D4A8B43002E87F4 /* Frameworks */ = {
			isa = PBXFrameworksBuildPhase;
			buildActionMask = 2147483647;
			files = (
			);
			runOnlyForDeploymentPostprocessing = 0;
		};
/* End PBXFrameworksBuildPhase section */

/* Begin PBXGroup section */
		363F106E2D4A8B41002E87F4 = {
			isa = PBXGroup;
			children = (
				363F10792D4A8B41002E87F4 /* NomadNest */,
				363F108A2D4A8B43002E87F4 /* NomadNestTests */,
				363F10942D4A8B43002E87F4 /* NomadNestUITests */,
				363F10782D4A8B41002E87F4 /* Products */,
			);
			sourceTree = "<group>";
		};
		363F10782D4A8B41002E87F4 /* Products */ = {
			isa = PBXGroup;
			children = (
				363F10772D4A8B41002E87F4 /* NomadNest.app */,
				363F10872D4A8B43002E87F4 /* NomadNestTests.xctest */,
				363F10912D4A8B43002E87F4 /* NomadNestUITests.xctest */,
			);
			name = Products;
			sourceTree = "<group>";
		};
/* End PBXGroup section */

/* Begin PBXNativeTarget section */
		363F10762D4A8B41002E87F4 /* NomadNest */ = {
			isa = PBXNativeTarget;
			buildConfigurationList = 363F109B2D4A8B43002E87F4 /* Build configuration list for PBXNativeTarget "NomadNest" */;
			buildPhases = (
				363F10732D4A8B41002E87F4 /* Sources */,
				363F10742D4A8B41002E87F4 /* Frameworks */,
				363F10752D4A8B41002E87F4 /* Resources */,
			);
			buildRules = (
			);
			dependencies = (
			);
			fileSystemSynchronizedGroups = (
				363F10792D4A8B41002E87F4 /* NomadNest */,
			);
			name = NomadNest;
			packageProductDependencies = (
				367D00282D6A022200AF5324 /* KeychainSwift */,
			);
			productName = NomadNest;
			productReference = 363F10772D4A8B41002E87F4 /* NomadNest.app */;
			productType = "com.apple.product-type.application";
		};
		363F10862D4A8B43002E87F4 /* NomadNestTests */ = {
			isa = PBXNativeTarget;
			buildConfigurationList = 363F109E2D4A8B43002E87F4 /* Build configuration list for PBXNativeTarget "NomadNestTests" */;
			buildPhases = (
				363F10832D4A8B43002E87F4 /* Sources */,
				363F10842D4A8B43002E87F4 /* Frameworks */,
				363F10852D4A8B43002E87F4 /* Resources */,
			);
			buildRules = (
			);
			dependencies = (
				363F10892D4A8B43002E87F4 /* PBXTargetDependency */,
			);
			fileSystemSynchronizedGroups = (
				363F108A2D4A8B43002E87F4 /* NomadNestTests */,
			);
			name = NomadNestTests;
			packageProductDependencies = (
			);
			productName = NomadNestTests;
			productReference = 363F10872D4A8B43002E87F4 /* NomadNestTests.xctest */;
			productType = "com.apple.product-type.bundle.unit-test";
		};
		363F10902D4A8B43002E87F4 /* NomadNestUITests */ = {
			isa = PBXNativeTarget;
			buildConfigurationList = 363F10A12D4A8B43002E87F4 /* Build configuration list for PBXNativeTarget "NomadNestUITests" */;
			buildPhases = (
				363F108D2D4A8B43002E87F4 /* Sources */,
				363F108E2D4A8B43002E87F4 /* Frameworks */,
				363F108F2D4A8B43002E87F4 /* Resources */,
			);
			buildRules = (
			);
			dependencies = (
				363F10932D4A8B43002E87F4 /* PBXTargetDependency */,
			);
			fileSystemSynchronizedGroups = (
				363F10942D4A8B43002E87F4 /* NomadNestUITests */,
			);
			name = NomadNestUITests;
			packageProductDependencies = (
			);
			productName = NomadNestUITests;
			productReference = 363F10912D4A8B43002E87F4 /* NomadNestUITests.xctest */;
			productType = "com.apple.product-type.bundle.ui-testing";
		};
/* End PBXNativeTarget section */

/* Begin PBXProject section */
		363F106F2D4A8B41002E87F4 /* Project object */ = {
			isa = PBXProject;
			attributes = {
				BuildIndependentTargetsInParallel = 1;
				LastSwiftUpdateCheck = 1600;
				LastUpgradeCheck = 1600;
				TargetAttributes = {
					363F10762D4A8B41002E87F4 = {
						CreatedOnToolsVersion = 16.0;
					};
					363F10862D4A8B43002E87F4 = {
						CreatedOnToolsVersion = 16.0;
						TestTargetID = 363F10762D4A8B41002E87F4;
					};
					363F10902D4A8B43002E87F4 = {
						CreatedOnToolsVersion = 16.0;
						TestTargetID = 363F10762D4A8B41002E87F4;
					};
				};
			};
			buildConfigurationList = 363F10722D4A8B41002E87F4 /* Build configuration list for PBXProject "NomadNest" */;
			developmentRegion = en;
			hasScannedForEncodings = 0;
			knownRegions = (
				en,
				Base,
			);
			mainGroup = 363F106E2D4A8B41002E87F4;
			minimizedProjectReferenceProxies = 1;
			packageReferences = (
				367D00272D6A022200AF5324 /* XCRemoteSwiftPackageReference "keychain-swift" */,
			);
			preferredProjectObjectVersion = 77;
			productRefGroup = 363F10782D4A8B41002E87F4 /* Products */;
			projectDirPath = "";
			projectRoot = "";
			targets = (
				363F10762D4A8B41002E87F4 /* NomadNest */,
				363F10862D4A8B43002E87F4 /* NomadNestTests */,
				363F10902D4A8B43002E87F4 /* NomadNestUITests */,
			);
		};
/* End PBXProject section */

/* Begin PBXResourcesBuildPhase section */
		363F10752D4A8B41002E87F4 /* Resources */ = {
			isa = PBXResourcesBuildPhase;
			buildActionMask = 2147483647;
			files = (
			);
			runOnlyForDeploymentPostprocessing = 0;
		};
		363F10852D4A8B43002E87F4 /* Resources */ = {
			isa = PBXResourcesBuildPhase;
			buildActionMask = 2147483647;
			files = (
			);
			runOnlyForDeploymentPostprocessing = 0;
		};
		363F108F2D4A8B43002E87F4 /* Resources */ = {
			isa = PBXResourcesBuildPhase;
			buildActionMask = 2147483647;
			files = (
			);
			runOnlyForDeploymentPostprocessing = 0;
		};
/* End PBXResourcesBuildPhase section */

/* Begin PBXSourcesBuildPhase section */
		363F10732D4A8B41002E87F4 /* Sources */ = {
			isa = PBXSourcesBuildPhase;
			buildActionMask = 2147483647;
			files = (
			);
			runOnlyForDeploymentPostprocessing = 0;
		};
		363F10832D4A8B43002E87F4 /* Sources */ = {
			isa = PBXSourcesBuildPhase;
			buildActionMask = 2147483647;
			files = (
			);
			runOnlyForDeploymentPostprocessing = 0;
		};
		363F108D2D4A8B43002E87F4 /* Sources */ = {
			isa = PBXSourcesBuildPhase;
			buildActionMask = 2147483647;
			files = (
			);
			runOnlyForDeploymentPostprocessing = 0;
		};
/* End PBXSourcesBuildPhase section */

/* Begin PBXTargetDependency section */
		363F10892D4A8B43002E87F4 /* PBXTargetDependency */ = {
			isa = PBXTargetDependency;
			target = 363F10762D4A8B41002E87F4 /* NomadNest */;
			targetProxy = 363F10882D4A8B43002E87F4 /* PBXContainerItemProxy */;
		};
		363F10932D4A8B43002E87F4 /* PBXTargetDependency */ = {
			isa = PBXTargetDependency;
			target = 363F10762D4A8B41002E87F4 /* NomadNest */;
			targetProxy = 363F10922D4A8B43002E87F4 /* PBXContainerItemProxy */;
		};
/* End PBXTargetDependency section */

/* Begin XCBuildConfiguration section */
		363F10992D4A8B43002E87F4 /* Debug */ = {
			isa = XCBuildConfiguration;
			buildSettings = {
				ALWAYS_SEARCH_USER_PATHS = NO;
				ASSETCATALOG_COMPILER_GENERATE_SWIFT_ASSET_SYMBOL_EXTENSIONS = YES;
				CLANG_ANALYZER_NONNULL = YES;
				CLANG_ANALYZER_NUMBER_OBJECT_CONVERSION = YES_AGGRESSIVE;
				CLANG_CXX_LANGUAGE_STANDARD = "gnu++20";
				CLANG_ENABLE_MODULES = YES;
				CLANG_ENABLE_OBJC_ARC = YES;
				CLANG_ENABLE_OBJC_WEAK = YES;
				CLANG_WARN_BLOCK_CAPTURE_AUTORELEASING = YES;
				CLANG_WARN_BOOL_CONVERSION = YES;
				CLANG_WARN_COMMA = YES;
				CLANG_WARN_CONSTANT_CONVERSION = YES;
				CLANG_WARN_DEPRECATED_OBJC_IMPLEMENTATIONS = YES;
				CLANG_WARN_DIRECT_OBJC_ISA_USAGE = YES_ERROR;
				CLANG_WARN_DOCUMENTATION_COMMENTS = YES;
				CLANG_WARN_EMPTY_BODY = YES;
				CLANG_WARN_ENUM_CONVERSION = YES;
				CLANG_WARN_INFINITE_RECURSION = YES;
				CLANG_WARN_INT_CONVERSION = YES;
				CLANG_WARN_NON_LITERAL_NULL_CONVERSION = YES;
				CLANG_WARN_OBJC_IMPLICIT_RETAIN_SELF = YES;
				CLANG_WARN_OBJC_LITERAL_CONVERSION = YES;
				CLANG_WARN_OBJC_ROOT_CLASS = YES_ERROR;
				CLANG_WARN_QUOTED_INCLUDE_IN_FRAMEWORK_HEADER = YES;
				CLANG_WARN_RANGE_LOOP_ANALYSIS = YES;
				CLANG_WARN_STRICT_PROTOTYPES = YES;
				CLANG_WARN_SUSPICIOUS_MOVE = YES;
				CLANG_WARN_UNGUARDED_AVAILABILITY = YES_AGGRESSIVE;
				CLANG_WARN_UNREACHABLE_CODE = YES;
				CLANG_WARN__DUPLICATE_METHOD_MATCH = YES;
				COPY_PHASE_STRIP = NO;
				DEBUG_INFORMATION_FORMAT = dwarf;
				ENABLE_STRICT_OBJC_MSGSEND = YES;
				ENABLE_TESTABILITY = YES;
				ENABLE_USER_SCRIPT_SANDBOXING = YES;
				GCC_C_LANGUAGE_STANDARD = gnu17;
				GCC_DYNAMIC_NO_PIC = NO;
				GCC_NO_COMMON_BLOCKS = YES;
				GCC_OPTIMIZATION_LEVEL = 0;
				GCC_PREPROCESSOR_DEFINITIONS = (
					"DEBUG=1",
					"$(inherited)",
				);
				GCC_WARN_64_TO_32_BIT_CONVERSION = YES;
				GCC_WARN_ABOUT_RETURN_TYPE = YES_ERROR;
				GCC_WARN_UNDECLARED_SELECTOR = YES;
				GCC_WARN_UNINITIALIZED_AUTOS = YES_AGGRESSIVE;
				GCC_WARN_UNUSED_FUNCTION = YES;
				GCC_WARN_UNUSED_VARIABLE = YES;
				IPHONEOS_DEPLOYMENT_TARGET = 18.0;
				LOCALIZATION_PREFERS_STRING_CATALOGS = YES;
				MTL_ENABLE_DEBUG_INFO = INCLUDE_SOURCE;
				MTL_FAST_MATH = YES;
				ONLY_ACTIVE_ARCH = YES;
				SDKROOT = iphoneos;
				SWIFT_ACTIVE_COMPILATION_CONDITIONS = "DEBUG $(inherited)";
				SWIFT_OPTIMIZATION_LEVEL = "-Onone";
			};
			name = Debug;
		};
		363F109A2D4A8B43002E87F4 /* Release */ = {
			isa = XCBuildConfiguration;
			buildSettings = {
				ALWAYS_SEARCH_USER_PATHS = NO;
				ASSETCATALOG_COMPILER_GENERATE_SWIFT_ASSET_SYMBOL_EXTENSIONS = YES;
				CLANG_ANALYZER_NONNULL = YES;
				CLANG_ANALYZER_NUMBER_OBJECT_CONVERSION = YES_AGGRESSIVE;
				CLANG_CXX_LANGUAGE_STANDARD = "gnu++20";
				CLANG_ENABLE_MODULES = YES;
				CLANG_ENABLE_OBJC_ARC = YES;
				CLANG_ENABLE_OBJC_WEAK = YES;
				CLANG_WARN_BLOCK_CAPTURE_AUTORELEASING = YES;
				CLANG_WARN_BOOL_CONVERSION = YES;
				CLANG_WARN_COMMA = YES;
				CLANG_WARN_CONSTANT_CONVERSION = YES;
				CLANG_WARN_DEPRECATED_OBJC_IMPLEMENTATIONS = YES;
				CLANG_WARN_DIRECT_OBJC_ISA_USAGE = YES_ERROR;
				CLANG_WARN_DOCUMENTATION_COMMENTS = YES;
				CLANG_WARN_EMPTY_BODY = YES;
				CLANG_WARN_ENUM_CONVERSION = YES;
				CLANG_WARN_INFINITE_RECURSION = YES;
				CLANG_WARN_INT_CONVERSION = YES;
				CLANG_WARN_NON_LITERAL_NULL_CONVERSION = YES;
				CLANG_WARN_OBJC_IMPLICIT_RETAIN_SELF = YES;
				CLANG_WARN_OBJC_LITERAL_CONVERSION = YES;
				CLANG_WARN_OBJC_ROOT_CLASS = YES_ERROR;
				CLANG_WARN_QUOTED_INCLUDE_IN_FRAMEWORK_HEADER = YES;
				CLANG_WARN_RANGE_LOOP_ANALYSIS = YES;
				CLANG_WARN_STRICT_PROTOTYPES = YES;
				CLANG_WARN_SUSPICIOUS_MOVE = YES;
				CLANG_WARN_UNGUARDED_AVAILABILITY = YES_AGGRESSIVE;
				CLANG_WARN_UNREACHABLE_CODE = YES;
				CLANG_WARN__DUPLICATE_METHOD_MATCH = YES;
				COPY_PHASE_STRIP = NO;
				DEBUG_INFORMATION_FORMAT = "dwarf-with-dsym";
				ENABLE_NS_ASSERTIONS = NO;
				ENABLE_STRICT_OBJC_MSGSEND = YES;
				ENABLE_USER_SCRIPT_SANDBOXING = YES;
				GCC_C_LANGUAGE_STANDARD = gnu17;
				GCC_NO_COMMON_BLOCKS = YES;
				GCC_WARN_64_TO_32_BIT_CONVERSION = YES;
				GCC_WARN_ABOUT_RETURN_TYPE = YES_ERROR;
				GCC_WARN_UNDECLARED_SELECTOR = YES;
				GCC_WARN_UNINITIALIZED_AUTOS = YES_AGGRESSIVE;
				GCC_WARN_UNUSED_FUNCTION = YES;
				GCC_WARN_UNUSED_VARIABLE = YES;
				IPHONEOS_DEPLOYMENT_TARGET = 18.0;
				LOCALIZATION_PREFERS_STRING_CATALOGS = YES;
				MTL_ENABLE_DEBUG_INFO = NO;
				MTL_FAST_MATH = YES;
				SDKROOT = iphoneos;
				SWIFT_COMPILATION_MODE = wholemodule;
				VALIDATE_PRODUCT = YES;
			};
			name = Release;
		};
		363F109C2D4A8B43002E87F4 /* Debug */ = {
			isa = XCBuildConfiguration;
			buildSettings = {
				ASSETCATALOG_COMPILER_APPICON_NAME = AppIcon;
				ASSETCATALOG_COMPILER_GLOBAL_ACCENT_COLOR_NAME = AccentColor;
				CODE_SIGN_STYLE = Automatic;
				CURRENT_PROJECT_VERSION = 1;
				DEVELOPMENT_TEAM = HS49USZ4GG;
				ENABLE_PREVIEWS = YES;
				GENERATE_INFOPLIST_FILE = YES;
				INFOPLIST_KEY_UIApplicationSceneManifest_Generation = YES;
				INFOPLIST_KEY_UIApplicationSupportsIndirectInputEvents = YES;
				INFOPLIST_KEY_UILaunchScreen_Generation = YES;
				INFOPLIST_KEY_UISupportedInterfaceOrientations_iPad = "UIInterfaceOrientationPortrait UIInterfaceOrientationPortraitUpsideDown UIInterfaceOrientationLandscapeLeft UIInterfaceOrientationLandscapeRight";
				INFOPLIST_KEY_UISupportedInterfaceOrientations_iPhone = "UIInterfaceOrientationPortrait UIInterfaceOrientationLandscapeLeft UIInterfaceOrientationLandscapeRight";
				LD_RUNPATH_SEARCH_PATHS = (
					"$(inherited)",
					"@executable_path/Frameworks",
				);
				MARKETING_VERSION = 1.0;
				PRODUCT_BUNDLE_IDENTIFIER = com.rociomartos29.NomadNest;
				PRODUCT_NAME = "$(TARGET_NAME)";
				SWIFT_EMIT_LOC_STRINGS = YES;
				SWIFT_VERSION = 5.0;
				TARGETED_DEVICE_FAMILY = "1,2";
			};
			name = Debug;
		};
		363F109D2D4A8B43002E87F4 /* Release */ = {
			isa = XCBuildConfiguration;
			buildSettings = {
				ASSETCATALOG_COMPILER_APPICON_NAME = AppIcon;
				ASSETCATALOG_COMPILER_GLOBAL_ACCENT_COLOR_NAME = AccentColor;
				CODE_SIGN_STYLE = Automatic;
				CURRENT_PROJECT_VERSION = 1;
				DEVELOPMENT_TEAM = HS49USZ4GG;
				ENABLE_PREVIEWS = YES;
				GENERATE_INFOPLIST_FILE = YES;
				INFOPLIST_KEY_UIApplicationSceneManifest_Generation = YES;
				INFOPLIST_KEY_UIApplicationSupportsIndirectInputEvents = YES;
				INFOPLIST_KEY_UILaunchScreen_Generation = YES;
				INFOPLIST_KEY_UISupportedInterfaceOrientations_iPad = "UIInterfaceOrientationPortrait UIInterfaceOrientationPortraitUpsideDown UIInterfaceOrientationLandscapeLeft UIInterfaceOrientationLandscapeRight";
				INFOPLIST_KEY_UISupportedInterfaceOrientations_iPhone = "UIInterfaceOrientationPortrait UIInterfaceOrientationLandscapeLeft UIInterfaceOrientationLandscapeRight";
				LD_RUNPATH_SEARCH_PATHS = (
					"$(inherited)",
					"@executable_path/Frameworks",
				);
				MARKETING_VERSION = 1.0;
				PRODUCT_BUNDLE_IDENTIFIER = com.rociomartos29.NomadNest;
				PRODUCT_NAME = "$(TARGET_NAME)";
				SWIFT_EMIT_LOC_STRINGS = YES;
				SWIFT_VERSION = 5.0;
				TARGETED_DEVICE_FAMILY = "1,2";
			};
			name = Release;
		};
		363F109F2D4A8B43002E87F4 /* Debug */ = {
			isa = XCBuildConfiguration;
			buildSettings = {
				BUNDLE_LOADER = "$(TEST_HOST)";
				CODE_SIGN_STYLE = Automatic;
				CURRENT_PROJECT_VERSION = 1;
				DEVELOPMENT_TEAM = HS49USZ4GG;
				GENERATE_INFOPLIST_FILE = YES;
				IPHONEOS_DEPLOYMENT_TARGET = 18.0;
				MARKETING_VERSION = 1.0;
				PRODUCT_BUNDLE_IDENTIFIER = com.rociomartos29.NomadNestTests;
				PRODUCT_NAME = "$(TARGET_NAME)";
				SWIFT_EMIT_LOC_STRINGS = NO;
				SWIFT_VERSION = 5.0;
				TARGETED_DEVICE_FAMILY = "1,2";
				TEST_HOST = "$(BUILT_PRODUCTS_DIR)/NomadNest.app/$(BUNDLE_EXECUTABLE_FOLDER_PATH)/NomadNest";
			};
			name = Debug;
		};
		363F10A02D4A8B43002E87F4 /* Release */ = {
			isa = XCBuildConfiguration;
			buildSettings = {
				BUNDLE_LOADER = "$(TEST_HOST)";
				CODE_SIGN_STYLE = Automatic;
				CURRENT_PROJECT_VERSION = 1;
				DEVELOPMENT_TEAM = HS49USZ4GG;
				GENERATE_INFOPLIST_FILE = YES;
				IPHONEOS_DEPLOYMENT_TARGET = 18.0;
				MARKETING_VERSION = 1.0;
				PRODUCT_BUNDLE_IDENTIFIER = com.rociomartos29.NomadNestTests;
				PRODUCT_NAME = "$(TARGET_NAME)";
				SWIFT_EMIT_LOC_STRINGS = NO;
				SWIFT_VERSION = 5.0;
				TARGETED_DEVICE_FAMILY = "1,2";
				TEST_HOST = "$(BUILT_PRODUCTS_DIR)/NomadNest.app/$(BUNDLE_EXECUTABLE_FOLDER_PATH)/NomadNest";
			};
			name = Release;
		};
		363F10A22D4A8B43002E87F4 /* Debug */ = {
			isa = XCBuildConfiguration;
			buildSettings = {
				CODE_SIGN_STYLE = Automatic;
				CURRENT_PROJECT_VERSION = 1;
				DEVELOPMENT_TEAM = HS49USZ4GG;
				GENERATE_INFOPLIST_FILE = YES;
				MARKETING_VERSION = 1.0;
				PRODUCT_BUNDLE_IDENTIFIER = com.rociomartos29.NomadNestUITests;
				PRODUCT_NAME = "$(TARGET_NAME)";
				SWIFT_EMIT_LOC_STRINGS = NO;
				SWIFT_VERSION = 5.0;
				TARGETED_DEVICE_FAMILY = "1,2";
				TEST_TARGET_NAME = NomadNest;
			};
			name = Debug;
		};
		363F10A32D4A8B43002E87F4 /* Release */ = {
			isa = XCBuildConfiguration;
			buildSettings = {
				CODE_SIGN_STYLE = Automatic;
				CURRENT_PROJECT_VERSION = 1;
				DEVELOPMENT_TEAM = HS49USZ4GG;
				GENERATE_INFOPLIST_FILE = YES;
				MARKETING_VERSION = 1.0;
				PRODUCT_BUNDLE_IDENTIFIER = com.rociomartos29.NomadNestUITests;
				PRODUCT_NAME = "$(TARGET_NAME)";
				SWIFT_EMIT_LOC_STRINGS = NO;
				SWIFT_VERSION = 5.0;
				TARGETED_DEVICE_FAMILY = "1,2";
				TEST_TARGET_NAME = NomadNest;
			};
			name = Release;
		};
/* End XCBuildConfiguration section */

/* Begin XCConfigurationList section */
		363F10722D4A8B41002E87F4 /* Build configuration list for PBXProject "NomadNest" */ = {
			isa = XCConfigurationList;
			buildConfigurations = (
				363F10992D4A8B43002E87F4 /* Debug */,
				363F109A2D4A8B43002E87F4 /* Release */,
			);
			defaultConfigurationIsVisible = 0;
			defaultConfigurationName = Release;
		};
		363F109B2D4A8B43002E87F4 /* Build configuration list for PBXNativeTarget "NomadNest" */ = {
			isa = XCConfigurationList;
			buildConfigurations = (
				363F109C2D4A8B43002E87F4 /* Debug */,
				363F109D2D4A8B43002E87F4 /* Release */,
			);
			defaultConfigurationIsVisible = 0;
			defaultConfigurationName = Release;
		};
		363F109E2D4A8B43002E87F4 /* Build configuration list for PBXNativeTarget "NomadNestTests" */ = {
			isa = XCConfigurationList;
			buildConfigurations = (
				363F109F2D4A8B43002E87F4 /* Debug */,
				363F10A02D4A8B43002E87F4 /* Release */,
			);
			defaultConfigurationIsVisible = 0;
			defaultConfigurationName = Release;
		};
		363F10A12D4A8B43002E87F4 /* Build configuration list for PBXNativeTarget "NomadNestUITests" */ = {
			isa = XCConfigurationList;
			buildConfigurations = (
				363F10A22D4A8B43002E87F4 /* Debug */,
				363F10A32D4A8B43002E87F4 /* Release */,
			);
			defaultConfigurationIsVisible = 0;
			defaultConfigurationName = Release;
		};
/* End XCConfigurationList section */

/* Begin XCRemoteSwiftPackageReference section */
		367D00272D6A022200AF5324 /* XCRemoteSwiftPackageReference "keychain-swift" */ = {
			isa = XCRemoteSwiftPackageReference;
			repositoryURL = "https://github.com/evgenyneu/keychain-swift.git";
			requirement = {
				kind = upToNextMajorVersion;
				minimumVersion = 24.0.0;
			};
		};
/* End XCRemoteSwiftPackageReference section */

/* Begin XCSwiftPackageProductDependency section */
		367D00282D6A022200AF5324 /* KeychainSwift */ = {
			isa = XCSwiftPackageProductDependency;
			package = 367D00272D6A022200AF5324 /* XCRemoteSwiftPackageReference "keychain-swift" */;
			productName = KeychainSwift;
		};
/* End XCSwiftPackageProductDependency section */
	};
	rootObject = 363F106F2D4A8B41002E87F4 /* Project object */;
}
